PODS:
  - RxCocoa (6.5.0):
    - RxRelay (= 6.5.0)
    - RxSwift (= 6.5.0)
  - RxRelay (6.5.0):
    - RxSwift (= 6.5.0)
  - RxSwift (6.5.0)
  - SDWebImage (5.13.0):
    - SDWebImage/Core (= 5.13.0)
  - SDWebImage/Core (5.13.0)
  - SDWebImageSVGCoder (1.6.1):
    - SDWebImage/Core (~> 5.6)

DEPENDENCIES:
  - RxCocoa (= 6.5.0)
  - RxSwift (= 6.5.0)
  - SDWebImage (~> 5.0)
  - SDWebImageSVGCoder

SPEC REPOS:
  trunk:
    - RxCocoa
    - RxRelay
    - RxSwift
    - SDWebImage
    - SDWebImageSVGCoder

SPEC CHECKSUMS:
  RxCocoa: 94f817b71c07517321eb4f9ad299112ca8af743b
  RxRelay: 1de1523e604c72b6c68feadedd1af3b1b4d0ecbd
  RxSwift: 5710a9e6b17f3c3d6e40d6e559b9fa1e813b2ef8
  SDWebImage: 0327043dbb9533e75f2eff8445b3df0f2ceca6ac
  SDWebImageSVGCoder: 6fc109f9c2a82ab44510fff410b88b1a6c271ee8

PODFILE CHECKSUM: 7e83f547fb3349acb5ee5c6b818b156fddd3bf0e

COCOAPODS: 1.11.3
